
Microsoft Visual Studio Solution File, Format Version 12.00
# Visual Studio 15
VisualStudioVersion = 15.0.27428.2011
MinimumVisualStudioVersion = 10.0.40219.1
Project("{FAE04EC0-301F-11D3-BF4B-00C04F79EFBC}") = "FastColoredTextBox", "FastColoredTextBox\FastColoredTextBox.csproj", "{6DD14A85-CCFC-4774-BD26-0F5772512319}"
EndProject
Project("{FAE04EC0-301F-11D3-BF4B-00C04F79EFBC}") = "DockPanelSuite", "DockPanelSuite\DockPanelSuite.csproj", "{C75532C4-765B-418E-B09B-46D36B2ABDB1}"
EndProject
Project("{FAE04EC0-301F-11D3-BF4B-00C04F79EFBC}") = "ShellThemes", "ShellThemes\ShellThemes.csproj", "{F16AE565-F187-4FB3-9A1C-61B8E84B6BC8}"
EndProject
Project("{FAE04EC0-301F-11D3-BF4B-00C04F79EFBC}") = "DPS-ThemeVS2015", "DockPanelSuite\DPS-ThemeVS2015.csproj", "{007D4AC8-948F-4816-86AD-B9D1343672C1}"
EndProject
Project("{FAE04EC0-301F-11D3-BF4B-00C04F79EFBC}") = "IDE-Shell", "IDE-Shell\IDE-Shell.csproj", "{39AAF176-9387-46A6-BA9F-C7273EC071B4}"
EndProject
Project("{FAE04EC0-301F-11D3-BF4B-00C04F79EFBC}") = "ShellTest", "ShellTest\ShellTest.csproj", "{D07BA4B4-1117-4878-B482-F8B1179DA97A}"
EndProject
Global
	GlobalSection(SolutionConfigurationPlatforms) = preSolution
		Debug|Any CPU = Debug|Any CPU
		Release|Any CPU = Release|Any CPU
	EndGlobalSection
	GlobalSection(ProjectConfigurationPlatforms) = postSolution
		{6DD14A85-CCFC-4774-BD26-0F5772512319}.Debug|Any CPU.ActiveCfg = Debug|Any CPU
		{6DD14A85-CCFC-4774-BD26-0F5772512319}.Debug|Any CPU.Build.0 = Debug|Any CPU
		{6DD14A85-CCFC-4774-BD26-0F5772512319}.Release|Any CPU.ActiveCfg = Release|Any CPU
		{6DD14A85-CCFC-4774-BD26-0F5772512319}.Release|Any CPU.Build.0 = Release|Any CPU
		{C75532C4-765B-418E-B09B-46D36B2ABDB1}.Debug|Any CPU.ActiveCfg = Debug|Any CPU
		{C75532C4-765B-418E-B09B-46D36B2ABDB1}.Debug|Any CPU.Build.0 = Debug|Any CPU
		{C75532C4-765B-418E-B09B-46D36B2ABDB1}.Release|Any CPU.ActiveCfg = Release|Any CPU
		{C75532C4-765B-418E-B09B-46D36B2ABDB1}.Release|Any CPU.Build.0 = Release|Any CPU
		{F16AE565-F187-4FB3-9A1C-61B8E84B6BC8}.Debug|Any CPU.ActiveCfg = Debug|Any CPU
		{F16AE565-F187-4FB3-9A1C-61B8E84B6BC8}.Debug|Any CPU.Build.0 = Debug|Any CPU
		{F16AE565-F187-4FB3-9A1C-61B8E84B6BC8}.Release|Any CPU.ActiveCfg = Release|Any CPU
		{F16AE565-F187-4FB3-9A1C-61B8E84B6BC8}.Release|Any CPU.Build.0 = Release|Any CPU
		{007D4AC8-948F-4816-86AD-B9D1343672C1}.Debug|Any CPU.ActiveCfg = Debug|Any CPU
		{007D4AC8-948F-4816-86AD-B9D1343672C1}.Debug|Any CPU.Build.0 = Debug|Any CPU
		{007D4AC8-948F-4816-86AD-B9D1343672C1}.Release|Any CPU.ActiveCfg = Release|Any CPU
		{007D4AC8-948F-4816-86AD-B9D1343672C1}.Release|Any CPU.Build.0 = Release|Any CPU
		{39AAF176-9387-46A6-BA9F-C7273EC071B4}.Debug|Any CPU.ActiveCfg = Debug|Any CPU
		{39AAF176-9387-46A6-BA9F-C7273EC071B4}.Debug|Any CPU.Build.0 = Debug|Any CPU
		{39AAF176-9387-46A6-BA9F-C7273EC071B4}.Release|Any CPU.ActiveCfg = Release|Any CPU
		{39AAF176-9387-46A6-BA9F-C7273EC071B4}.Release|Any CPU.Build.0 = Release|Any CPU
		{D07BA4B4-1117-4878-B482-F8B1179DA97A}.Debug|Any CPU.ActiveCfg = Debug|Any CPU
		{D07BA4B4-1117-4878-B482-F8B1179DA97A}.Debug|Any CPU.Build.0 = Debug|Any CPU
		{D07BA4B4-1117-4878-B482-F8B1179DA97A}.Release|Any CPU.ActiveCfg = Release|Any CPU
		{D07BA4B4-1117-4878-B482-F8B1179DA97A}.Release|Any CPU.Build.0 = Release|Any CPU
	EndGlobalSection
	GlobalSection(SolutionProperties) = preSolution
		HideSolutionNode = FALSE
	EndGlobalSection
	GlobalSection(ExtensibilityGlobals) = postSolution
		SolutionGuid = {BCC61046-D0FD-4892-8528-66E1779CCC55}
	EndGlobalSection
EndGlobal
